
Microsoft Visual Studio Solution File, Format Version 12.00
# Visual Studio 15
VisualStudioVersion = 15.0.28307.572
MinimumVisualStudioVersion = 10.0.40219.1
Project("{FAE04EC0-301F-11D3-BF4B-00C04F79EFBC}") = "Labs", "Labs\Labs.csproj", "{3B0E0D3A-E08E-4CE3-8C14-FF9DC3998200}"
EndProject
Project("{FAE04EC0-301F-11D3-BF4B-00C04F79EFBC}") = "IndTask", "IndTask\IndTask.csproj", "{64874436-3A57-40CD-A63A-AF6D03D6F05A}"
EndProject
Global
	GlobalSection(SolutionConfigurationPlatforms) = preSolution
		Debug|Any CPU = Debug|Any CPU
		Release|Any CPU = Release|Any CPU
	EndGlobalSection
	GlobalSection(ProjectConfigurationPlatforms) = postSolution
		{3B0E0D3A-E08E-4CE3-8C14-FF9DC3998200}.Debug|Any CPU.ActiveCfg = Debug|Any CPU
		{3B0E0D3A-E08E-4CE3-8C14-FF9DC3998200}.Debug|Any CPU.Build.0 = Debug|Any CPU
		{3B0E0D3A-E08E-4CE3-8C14-FF9DC3998200}.Release|Any CPU.ActiveCfg = Release|Any CPU
		{3B0E0D3A-E08E-4CE3-8C14-FF9DC3998200}.Release|Any CPU.Build.0 = Release|Any CPU
		{64874436-3A57-40CD-A63A-AF6D03D6F05A}.Debug|Any CPU.ActiveCfg = Debug|Any CPU
		{64874436-3A57-40CD-A63A-AF6D03D6F05A}.Debug|Any CPU.Build.0 = Debug|Any CPU
		{64874436-3A57-40CD-A63A-AF6D03D6F05A}.Release|Any CPU.ActiveCfg = Release|Any CPU
		{64874436-3A57-40CD-A63A-AF6D03D6F05A}.Release|Any CPU.Build.0 = Release|Any CPU
	EndGlobalSection
	GlobalSection(SolutionProperties) = preSolution
		HideSolutionNode = FALSE
	EndGlobalSection
	GlobalSection(ExtensibilityGlobals) = postSolution
		SolutionGuid = {D97D1FE3-C72F-4FD6-B0C1-80F1DBD8FE1D}
	EndGlobalSection
EndGlobal
